// !$*UTF8*$!
{
	archiveVersion = 1;
	classes = {
	};
	objectVersion = 50;
	objects = {

/* Begin PBXBuildFile section */
		18274840419F503DA1EE880A /* Pods_ePOS.framework in Frameworks */ = {isa = PBXBuildFile; fileRef = 22F0391820214628F09E9428 /* Pods_ePOS.framework */; };
		46161AAE25133E3B006D2783 /* ConfigurationRequest.swift in Sources */ = {isa = PBXBuildFile; fileRef = 46161AAD25133E3B006D2783 /* ConfigurationRequest.swift */; };
		46161AB025133FA5006D2783 /* GetLeadIDRequest.swift in Sources */ = {isa = PBXBuildFile; fileRef = 46161AAF25133FA5006D2783 /* GetLeadIDRequest.swift */; };
		46161AB52513412E006D2783 /* UserRegistrationDataModel.swift in Sources */ = {isa = PBXBuildFile; fileRef = 46161AB42513412E006D2783 /* UserRegistrationDataModel.swift */; };
		46161AB7251346A0006D2783 /* SignUpRequest.swift in Sources */ = {isa = PBXBuildFile; fileRef = 46161AB6251346A0006D2783 /* SignUpRequest.swift */; };
		46161AB9251347A9006D2783 /* DeviceInformationModel.swift in Sources */ = {isa = PBXBuildFile; fileRef = 46161AB8251347A9006D2783 /* DeviceInformationModel.swift */; };
		46161ABC251358E8006D2783 /* MasterDataRequest.swift in Sources */ = {isa = PBXBuildFile; fileRef = 46161ABB251358E8006D2783 /* MasterDataRequest.swift */; };
		46161ABF2513599B006D2783 /* GetCityListRequest.swift in Sources */ = {isa = PBXBuildFile; fileRef = 46161ABE2513599B006D2783 /* GetCityListRequest.swift */; };
		46161AC125135A32006D2783 /* ListSortParamsModel.swift in Sources */ = {isa = PBXBuildFile; fileRef = 46161AC025135A32006D2783 /* ListSortParamsModel.swift */; };
		46161AC325135AB6006D2783 /* UserListRequest.swift in Sources */ = {isa = PBXBuildFile; fileRef = 46161AC225135AB6006D2783 /* UserListRequest.swift */; };
		46161AC525137F56006D2783 /* CommonExtensions.swift in Sources */ = {isa = PBXBuildFile; fileRef = 46161AC425137F55006D2783 /* CommonExtensions.swift */; };
		99186CBA2508C08F00A9FE07 /* EPOSTextField.m in Sources */ = {isa = PBXBuildFile; fileRef = 99186CB92508C08F00A9FE07 /* EPOSTextField.m */; };
		99186CBD2508EC6000A9FE07 /* EPOSTextField+FloatText.swift in Sources */ = {isa = PBXBuildFile; fileRef = 99186CBC2508EC6000A9FE07 /* EPOSTextField+FloatText.swift */; };
		99186CC42508EF5600A9FE07 /* EPOSTabBarViewController.swift in Sources */ = {isa = PBXBuildFile; fileRef = 99186CC32508EF5600A9FE07 /* EPOSTabBarViewController.swift */; };
		99186CC62508EF9500A9FE07 /* HomeViewController.swift in Sources */ = {isa = PBXBuildFile; fileRef = 99186CC52508EF9500A9FE07 /* HomeViewController.swift */; };
		99186CCB2508F01400A9FE07 /* TransactionsViewController.swift in Sources */ = {isa = PBXBuildFile; fileRef = 99186CCA2508F01400A9FE07 /* TransactionsViewController.swift */; };
		99186CD02508F03900A9FE07 /* AccountViewController.swift in Sources */ = {isa = PBXBuildFile; fileRef = 99186CCF2508F03900A9FE07 /* AccountViewController.swift */; };
		99186CD22508F06D00A9FE07 /* Account.storyboard in Resources */ = {isa = PBXBuildFile; fileRef = 99186CD12508F06D00A9FE07 /* Account.storyboard */; };
		99186CD42508F07C00A9FE07 /* Transactions.storyboard in Resources */ = {isa = PBXBuildFile; fileRef = 99186CD32508F07C00A9FE07 /* Transactions.storyboard */; };
		99186CE6250A2C6500A9FE07 /* EPOSHelper.swift in Sources */ = {isa = PBXBuildFile; fileRef = 99186CE5250A2C6500A9FE07 /* EPOSHelper.swift */; };
		99186CE8250A3B7600A9FE07 /* Home.storyboard in Resources */ = {isa = PBXBuildFile; fileRef = 99186CE7250A3B7600A9FE07 /* Home.storyboard */; };
		99186CEB250A646400A9FE07 /* StatusDemoViewController.swift in Sources */ = {isa = PBXBuildFile; fileRef = 99186CEA250A646400A9FE07 /* StatusDemoViewController.swift */; };
		99186D0E2510922B00A9FE07 /* ShowDialog.swift in Sources */ = {isa = PBXBuildFile; fileRef = 99186D0B2510922B00A9FE07 /* ShowDialog.swift */; };
		99186D0F2510922B00A9FE07 /* FailedPopup.swift in Sources */ = {isa = PBXBuildFile; fileRef = 99186D0C2510922B00A9FE07 /* FailedPopup.swift */; };
		99186D102510922B00A9FE07 /* FailedPopup.xib in Resources */ = {isa = PBXBuildFile; fileRef = 99186D0D2510922B00A9FE07 /* FailedPopup.xib */; };
		99186D142510926800A9FE07 /* EmptyDataViewController.swift in Sources */ = {isa = PBXBuildFile; fileRef = 99186D122510926800A9FE07 /* EmptyDataViewController.swift */; };
		99186D152510926800A9FE07 /* EmptyDataViewController.xib in Resources */ = {isa = PBXBuildFile; fileRef = 99186D132510926800A9FE07 /* EmptyDataViewController.xib */; };
		99186D17251092A700A9FE07 /* EmptyViewItem.swift in Sources */ = {isa = PBXBuildFile; fileRef = 99186D16251092A700A9FE07 /* EmptyViewItem.swift */; };
		99186D192510959F00A9FE07 /* StatusDialogItem.swift in Sources */ = {isa = PBXBuildFile; fileRef = 99186D182510959F00A9FE07 /* StatusDialogItem.swift */; };
		99186D1E2510D6D600A9FE07 /* .swiftlint.yml in Resources */ = {isa = PBXBuildFile; fileRef = 99186D1D2510D6D600A9FE07 /* .swiftlint.yml */; };
		99186D212511D07E00A9FE07 /* Validation.swift in Sources */ = {isa = PBXBuildFile; fileRef = 99186D202511D07E00A9FE07 /* Validation.swift */; };
		99186D232511D09400A9FE07 /* Util.swift in Sources */ = {isa = PBXBuildFile; fileRef = 99186D222511D09400A9FE07 /* Util.swift */; };
		99186D292511D1E000A9FE07 /* WebviewStoryBoard.storyboard in Resources */ = {isa = PBXBuildFile; fileRef = 99186D262511D1E000A9FE07 /* WebviewStoryBoard.storyboard */; };
		99186D2A2511D1E000A9FE07 /* CommonWebviewController.swift in Sources */ = {isa = PBXBuildFile; fileRef = 99186D282511D1E000A9FE07 /* CommonWebviewController.swift */; };
		99186D3B2511D21000A9FE07 /* ApiClient.swift in Sources */ = {isa = PBXBuildFile; fileRef = 99186D342511D21000A9FE07 /* ApiClient.swift */; };
		99186D3C2511D21000A9FE07 /* User.swift in Sources */ = {isa = PBXBuildFile; fileRef = 99186D352511D21000A9FE07 /* User.swift */; };
		99186D3D2511D21100A9FE07 /* RequestHandler.swift in Sources */ = {isa = PBXBuildFile; fileRef = 99186D362511D21000A9FE07 /* RequestHandler.swift */; };
		99186D3E2511D21100A9FE07 /* CheckUserRequest.swift in Sources */ = {isa = PBXBuildFile; fileRef = 99186D382511D21000A9FE07 /* CheckUserRequest.swift */; };
		99186D3F2511D21100A9FE07 /* OTPVerifyRequest.swift in Sources */ = {isa = PBXBuildFile; fileRef = 99186D392511D21000A9FE07 /* OTPVerifyRequest.swift */; };
		99186D4A2511D27F00A9FE07 /* LoginScreen.storyboard in Resources */ = {isa = PBXBuildFile; fileRef = 99186D442511D27F00A9FE07 /* LoginScreen.storyboard */; };
		99186D4B2511D27F00A9FE07 /* LoginController.swift in Sources */ = {isa = PBXBuildFile; fileRef = 99186D462511D27F00A9FE07 /* LoginController.swift */; };
		99186D4C2511D27F00A9FE07 /* OTPVerificationController.swift in Sources */ = {isa = PBXBuildFile; fileRef = 99186D472511D27F00A9FE07 /* OTPVerificationController.swift */; };
		99186D4D2511D27F00A9FE07 /* OtpTextField.swift in Sources */ = {isa = PBXBuildFile; fileRef = 99186D482511D27F00A9FE07 /* OtpTextField.swift */; };
		99186D4E2511D27F00A9FE07 /* PasswordController.swift in Sources */ = {isa = PBXBuildFile; fileRef = 99186D492511D27F00A9FE07 /* PasswordController.swift */; };
		99186D552511D28800A9FE07 /* SignUpControllerViewController.swift in Sources */ = {isa = PBXBuildFile; fileRef = 99186D522511D28800A9FE07 /* SignUpControllerViewController.swift */; };
		99186D562511D28800A9FE07 /* SignUpStoryboard.storyboard in Resources */ = {isa = PBXBuildFile; fileRef = 99186D542511D28800A9FE07 /* SignUpStoryboard.storyboard */; };
		99186D582511D32E00A9FE07 /* BottomLineTextField.swift in Sources */ = {isa = PBXBuildFile; fileRef = 99186D572511D32E00A9FE07 /* BottomLineTextField.swift */; };
		99186D5B2511D37200A9FE07 /* RoundViewCorner.swift in Sources */ = {isa = PBXBuildFile; fileRef = 99186D592511D37200A9FE07 /* RoundViewCorner.swift */; };
		99186D5C2511D37200A9FE07 /* CheckBox.swift in Sources */ = {isa = PBXBuildFile; fileRef = 99186D5A2511D37200A9FE07 /* CheckBox.swift */; };
		99186D5F2511D45600A9FE07 /* Constants.swift in Sources */ = {isa = PBXBuildFile; fileRef = 99186D5E2511D45600A9FE07 /* Constants.swift */; };
		991ADEA0250645A300932251 /* EPOSRoundButton.swift in Sources */ = {isa = PBXBuildFile; fileRef = 991ADE9F250645A300932251 /* EPOSRoundButton.swift */; };
		991ADEA2250645C300932251 /* EPOSRectangularButton.swift in Sources */ = {isa = PBXBuildFile; fileRef = 991ADEA1250645C300932251 /* EPOSRectangularButton.swift */; };
		991ADEA4250646E500932251 /* EPOSLabel.swift in Sources */ = {isa = PBXBuildFile; fileRef = 991ADEA3250646E500932251 /* EPOSLabel.swift */; };
		991ADEA825064E2F00932251 /* UIImageExtension.swift in Sources */ = {isa = PBXBuildFile; fileRef = 991ADEA625064E2F00932251 /* UIImageExtension.swift */; };
		991ADEA925064E2F00932251 /* UIButtonExtension.swift in Sources */ = {isa = PBXBuildFile; fileRef = 991ADEA725064E2F00932251 /* UIButtonExtension.swift */; };
		991ADEAB250660DB00932251 /* EPOSGradientView.swift in Sources */ = {isa = PBXBuildFile; fileRef = 991ADEAA250660DB00932251 /* EPOSGradientView.swift */; };
		991ADEAD250662EF00932251 /* EPOSShadowView.swift in Sources */ = {isa = PBXBuildFile; fileRef = 991ADEAC250662EF00932251 /* EPOSShadowView.swift */; };
		9976C9092500F05600FC5DD3 /* AppDelegate.swift in Sources */ = {isa = PBXBuildFile; fileRef = 9976C9082500F05600FC5DD3 /* AppDelegate.swift */; };
		9976C90D2500F05600FC5DD3 /* ViewController.swift in Sources */ = {isa = PBXBuildFile; fileRef = 9976C90C2500F05600FC5DD3 /* ViewController.swift */; };
		9976C9102500F05700FC5DD3 /* Main.storyboard in Resources */ = {isa = PBXBuildFile; fileRef = 9976C90E2500F05700FC5DD3 /* Main.storyboard */; };
		9976C9122500F05800FC5DD3 /* Assets.xcassets in Resources */ = {isa = PBXBuildFile; fileRef = 9976C9112500F05800FC5DD3 /* Assets.xcassets */; };
		9976C9152500F05800FC5DD3 /* LaunchScreen.storyboard in Resources */ = {isa = PBXBuildFile; fileRef = 9976C9132500F05800FC5DD3 /* LaunchScreen.storyboard */; };
		9976C9212501065D00FC5DD3 /* CustomFonts.swift in Sources */ = {isa = PBXBuildFile; fileRef = 9976C9202501065D00FC5DD3 /* CustomFonts.swift */; };
		9976C9232501066B00FC5DD3 /* CustomColors.swift in Sources */ = {isa = PBXBuildFile; fileRef = 9976C9222501066B00FC5DD3 /* CustomColors.swift */; };
		9976C9262501069D00FC5DD3 /* Colors.xcassets in Resources */ = {isa = PBXBuildFile; fileRef = 9976C9252501069D00FC5DD3 /* Colors.xcassets */; };
		9976C9502501165E00FC5DD3 /* Roboto-Medium.ttf in Resources */ = {isa = PBXBuildFile; fileRef = 9976C9432501165E00FC5DD3 /* Roboto-Medium.ttf */; };
		9976C9512501165E00FC5DD3 /* Roboto-Light.ttf in Resources */ = {isa = PBXBuildFile; fileRef = 9976C9442501165E00FC5DD3 /* Roboto-Light.ttf */; };
		9976C9522501165E00FC5DD3 /* Roboto-Regular.ttf in Resources */ = {isa = PBXBuildFile; fileRef = 9976C9452501165E00FC5DD3 /* Roboto-Regular.ttf */; };
		9976C9532501165E00FC5DD3 /* Roboto-MediumItalic.ttf in Resources */ = {isa = PBXBuildFile; fileRef = 9976C9462501165E00FC5DD3 /* Roboto-MediumItalic.ttf */; };
		9976C9542501165E00FC5DD3 /* Roboto-ThinItalic.ttf in Resources */ = {isa = PBXBuildFile; fileRef = 9976C9472501165E00FC5DD3 /* Roboto-ThinItalic.ttf */; };
		9976C9552501165E00FC5DD3 /* Roboto-BoldItalic.ttf in Resources */ = {isa = PBXBuildFile; fileRef = 9976C9482501165E00FC5DD3 /* Roboto-BoldItalic.ttf */; };
		9976C9562501165E00FC5DD3 /* Roboto-LightItalic.ttf in Resources */ = {isa = PBXBuildFile; fileRef = 9976C9492501165E00FC5DD3 /* Roboto-LightItalic.ttf */; };
		9976C9572501165E00FC5DD3 /* Roboto-Italic.ttf in Resources */ = {isa = PBXBuildFile; fileRef = 9976C94A2501165E00FC5DD3 /* Roboto-Italic.ttf */; };
		9976C9582501165E00FC5DD3 /* LICENSE.txt in Resources */ = {isa = PBXBuildFile; fileRef = 9976C94B2501165E00FC5DD3 /* LICENSE.txt */; };
		9976C9592501165E00FC5DD3 /* Roboto-BlackItalic.ttf in Resources */ = {isa = PBXBuildFile; fileRef = 9976C94C2501165E00FC5DD3 /* Roboto-BlackItalic.ttf */; };
		9976C95A2501165E00FC5DD3 /* Roboto-Bold.ttf in Resources */ = {isa = PBXBuildFile; fileRef = 9976C94D2501165E00FC5DD3 /* Roboto-Bold.ttf */; };
		9976C95B2501165E00FC5DD3 /* Roboto-Thin.ttf in Resources */ = {isa = PBXBuildFile; fileRef = 9976C94E2501165E00FC5DD3 /* Roboto-Thin.ttf */; };
		9976C95C2501165E00FC5DD3 /* Roboto-Black.ttf in Resources */ = {isa = PBXBuildFile; fileRef = 9976C94F2501165E00FC5DD3 /* Roboto-Black.ttf */; };
		9976C95E2501173600FC5DD3 /* DeviceType.swift in Sources */ = {isa = PBXBuildFile; fileRef = 9976C95D2501173600FC5DD3 /* DeviceType.swift */; };
/* End PBXBuildFile section */

/* Begin PBXFileReference section */
		21D6DA97CDA242EDFE4068EE /* Pods-ePOS.release.xcconfig */ = {isa = PBXFileReference; includeInIndex = 1; lastKnownFileType = text.xcconfig; name = "Pods-ePOS.release.xcconfig"; path = "Target Support Files/Pods-ePOS/Pods-ePOS.release.xcconfig"; sourceTree = "<group>"; };
		22F0391820214628F09E9428 /* Pods_ePOS.framework */ = {isa = PBXFileReference; explicitFileType = wrapper.framework; includeInIndex = 0; path = Pods_ePOS.framework; sourceTree = BUILT_PRODUCTS_DIR; };
		3293659E051B6C990362E7F9 /* Pods-ePOS.debug.xcconfig */ = {isa = PBXFileReference; includeInIndex = 1; lastKnownFileType = text.xcconfig; name = "Pods-ePOS.debug.xcconfig"; path = "Target Support Files/Pods-ePOS/Pods-ePOS.debug.xcconfig"; sourceTree = "<group>"; };
		46161AAD25133E3B006D2783 /* ConfigurationRequest.swift */ = {isa = PBXFileReference; lastKnownFileType = sourcecode.swift; path = ConfigurationRequest.swift; sourceTree = "<group>"; };
		46161AAF25133FA5006D2783 /* GetLeadIDRequest.swift */ = {isa = PBXFileReference; lastKnownFileType = sourcecode.swift; path = GetLeadIDRequest.swift; sourceTree = "<group>"; };
		46161AB42513412E006D2783 /* UserRegistrationDataModel.swift */ = {isa = PBXFileReference; lastKnownFileType = sourcecode.swift; path = UserRegistrationDataModel.swift; sourceTree = "<group>"; };
		46161AB6251346A0006D2783 /* SignUpRequest.swift */ = {isa = PBXFileReference; lastKnownFileType = sourcecode.swift; path = SignUpRequest.swift; sourceTree = "<group>"; };
		46161AB8251347A9006D2783 /* DeviceInformationModel.swift */ = {isa = PBXFileReference; lastKnownFileType = sourcecode.swift; path = DeviceInformationModel.swift; sourceTree = "<group>"; };
		46161ABB251358E8006D2783 /* MasterDataRequest.swift */ = {isa = PBXFileReference; lastKnownFileType = sourcecode.swift; path = MasterDataRequest.swift; sourceTree = "<group>"; };
		46161ABE2513599B006D2783 /* GetCityListRequest.swift */ = {isa = PBXFileReference; lastKnownFileType = sourcecode.swift; path = GetCityListRequest.swift; sourceTree = "<group>"; };
		46161AC025135A32006D2783 /* ListSortParamsModel.swift */ = {isa = PBXFileReference; lastKnownFileType = sourcecode.swift; path = ListSortParamsModel.swift; sourceTree = "<group>"; };
		46161AC225135AB6006D2783 /* UserListRequest.swift */ = {isa = PBXFileReference; lastKnownFileType = sourcecode.swift; path = UserListRequest.swift; sourceTree = "<group>"; };
		46161AC425137F55006D2783 /* CommonExtensions.swift */ = {isa = PBXFileReference; lastKnownFileType = sourcecode.swift; path = CommonExtensions.swift; sourceTree = "<group>"; };
		99186CB72508C08E00A9FE07 /* ePOS-Bridging-Header.h */ = {isa = PBXFileReference; lastKnownFileType = sourcecode.c.h; path = "ePOS-Bridging-Header.h"; sourceTree = "<group>"; };
		99186CB82508C08F00A9FE07 /* EPOSTextField.h */ = {isa = PBXFileReference; lastKnownFileType = sourcecode.c.h; path = EPOSTextField.h; sourceTree = "<group>"; };
		99186CB92508C08F00A9FE07 /* EPOSTextField.m */ = {isa = PBXFileReference; lastKnownFileType = sourcecode.c.objc; path = EPOSTextField.m; sourceTree = "<group>"; };
		99186CBC2508EC6000A9FE07 /* EPOSTextField+FloatText.swift */ = {isa = PBXFileReference; lastKnownFileType = sourcecode.swift; path = "EPOSTextField+FloatText.swift"; sourceTree = "<group>"; };
		99186CC32508EF5600A9FE07 /* EPOSTabBarViewController.swift */ = {isa = PBXFileReference; lastKnownFileType = sourcecode.swift; path = EPOSTabBarViewController.swift; sourceTree = "<group>"; };
		99186CC52508EF9500A9FE07 /* HomeViewController.swift */ = {isa = PBXFileReference; lastKnownFileType = sourcecode.swift; path = HomeViewController.swift; sourceTree = "<group>"; };
		99186CCA2508F01400A9FE07 /* TransactionsViewController.swift */ = {isa = PBXFileReference; lastKnownFileType = sourcecode.swift; path = TransactionsViewController.swift; sourceTree = "<group>"; };
		99186CCF2508F03900A9FE07 /* AccountViewController.swift */ = {isa = PBXFileReference; lastKnownFileType = sourcecode.swift; path = AccountViewController.swift; sourceTree = "<group>"; };
		99186CD12508F06D00A9FE07 /* Account.storyboard */ = {isa = PBXFileReference; lastKnownFileType = file.storyboard; path = Account.storyboard; sourceTree = "<group>"; };
		99186CD32508F07C00A9FE07 /* Transactions.storyboard */ = {isa = PBXFileReference; lastKnownFileType = file.storyboard; path = Transactions.storyboard; sourceTree = "<group>"; };
		99186CE5250A2C6500A9FE07 /* EPOSHelper.swift */ = {isa = PBXFileReference; lastKnownFileType = sourcecode.swift; path = EPOSHelper.swift; sourceTree = "<group>"; };
		99186CE7250A3B7600A9FE07 /* Home.storyboard */ = {isa = PBXFileReference; lastKnownFileType = file.storyboard; path = Home.storyboard; sourceTree = "<group>"; };
		99186CEA250A646400A9FE07 /* StatusDemoViewController.swift */ = {isa = PBXFileReference; lastKnownFileType = sourcecode.swift; path = StatusDemoViewController.swift; sourceTree = "<group>"; };
		99186D0B2510922B00A9FE07 /* ShowDialog.swift */ = {isa = PBXFileReference; fileEncoding = 4; lastKnownFileType = sourcecode.swift; path = ShowDialog.swift; sourceTree = "<group>"; };
		99186D0C2510922B00A9FE07 /* FailedPopup.swift */ = {isa = PBXFileReference; fileEncoding = 4; lastKnownFileType = sourcecode.swift; path = FailedPopup.swift; sourceTree = "<group>"; };
		99186D0D2510922B00A9FE07 /* FailedPopup.xib */ = {isa = PBXFileReference; fileEncoding = 4; lastKnownFileType = file.xib; path = FailedPopup.xib; sourceTree = "<group>"; };
		99186D122510926800A9FE07 /* EmptyDataViewController.swift */ = {isa = PBXFileReference; lastKnownFileType = sourcecode.swift; path = EmptyDataViewController.swift; sourceTree = "<group>"; };
		99186D132510926800A9FE07 /* EmptyDataViewController.xib */ = {isa = PBXFileReference; lastKnownFileType = file.xib; path = EmptyDataViewController.xib; sourceTree = "<group>"; };
		99186D16251092A700A9FE07 /* EmptyViewItem.swift */ = {isa = PBXFileReference; lastKnownFileType = sourcecode.swift; path = EmptyViewItem.swift; sourceTree = "<group>"; };
		99186D182510959F00A9FE07 /* StatusDialogItem.swift */ = {isa = PBXFileReference; lastKnownFileType = sourcecode.swift; path = StatusDialogItem.swift; sourceTree = "<group>"; };
		99186D1D2510D6D600A9FE07 /* .swiftlint.yml */ = {isa = PBXFileReference; fileEncoding = 4; lastKnownFileType = text.yaml; path = .swiftlint.yml; sourceTree = "<group>"; };
		99186D202511D07E00A9FE07 /* Validation.swift */ = {isa = PBXFileReference; fileEncoding = 4; lastKnownFileType = sourcecode.swift; path = Validation.swift; sourceTree = "<group>"; };
		99186D222511D09400A9FE07 /* Util.swift */ = {isa = PBXFileReference; fileEncoding = 4; lastKnownFileType = sourcecode.swift; path = Util.swift; sourceTree = "<group>"; };
		99186D262511D1E000A9FE07 /* WebviewStoryBoard.storyboard */ = {isa = PBXFileReference; fileEncoding = 4; lastKnownFileType = file.storyboard; path = WebviewStoryBoard.storyboard; sourceTree = "<group>"; };
		99186D282511D1E000A9FE07 /* CommonWebviewController.swift */ = {isa = PBXFileReference; fileEncoding = 4; lastKnownFileType = sourcecode.swift; path = CommonWebviewController.swift; sourceTree = "<group>"; };
		99186D2D2511D1F700A9FE07 /* GoogleService-Info.plist */ = {isa = PBXFileReference; fileEncoding = 4; lastKnownFileType = text.plist.xml; path = "GoogleService-Info.plist"; sourceTree = "<group>"; };
		99186D2F2511D1F700A9FE07 /* GoogleService-Info.plist */ = {isa = PBXFileReference; fileEncoding = 4; lastKnownFileType = text.plist.xml; path = "GoogleService-Info.plist"; sourceTree = "<group>"; };
		99186D342511D21000A9FE07 /* ApiClient.swift */ = {isa = PBXFileReference; fileEncoding = 4; lastKnownFileType = sourcecode.swift; path = ApiClient.swift; sourceTree = "<group>"; };
		99186D352511D21000A9FE07 /* User.swift */ = {isa = PBXFileReference; fileEncoding = 4; lastKnownFileType = sourcecode.swift; path = User.swift; sourceTree = "<group>"; };
		99186D362511D21000A9FE07 /* RequestHandler.swift */ = {isa = PBXFileReference; fileEncoding = 4; lastKnownFileType = sourcecode.swift; path = RequestHandler.swift; sourceTree = "<group>"; };
		99186D382511D21000A9FE07 /* CheckUserRequest.swift */ = {isa = PBXFileReference; fileEncoding = 4; lastKnownFileType = sourcecode.swift; path = CheckUserRequest.swift; sourceTree = "<group>"; };
		99186D392511D21000A9FE07 /* OTPVerifyRequest.swift */ = {isa = PBXFileReference; fileEncoding = 4; lastKnownFileType = sourcecode.swift; path = OTPVerifyRequest.swift; sourceTree = "<group>"; };
		99186D442511D27F00A9FE07 /* LoginScreen.storyboard */ = {isa = PBXFileReference; fileEncoding = 4; lastKnownFileType = file.storyboard; path = LoginScreen.storyboard; sourceTree = "<group>"; };
		99186D462511D27F00A9FE07 /* LoginController.swift */ = {isa = PBXFileReference; fileEncoding = 4; lastKnownFileType = sourcecode.swift; path = LoginController.swift; sourceTree = "<group>"; };
		99186D472511D27F00A9FE07 /* OTPVerificationController.swift */ = {isa = PBXFileReference; fileEncoding = 4; lastKnownFileType = sourcecode.swift; path = OTPVerificationController.swift; sourceTree = "<group>"; };
		99186D482511D27F00A9FE07 /* OtpTextField.swift */ = {isa = PBXFileReference; fileEncoding = 4; lastKnownFileType = sourcecode.swift; path = OtpTextField.swift; sourceTree = "<group>"; };
		99186D492511D27F00A9FE07 /* PasswordController.swift */ = {isa = PBXFileReference; fileEncoding = 4; lastKnownFileType = sourcecode.swift; path = PasswordController.swift; sourceTree = "<group>"; };
		99186D522511D28800A9FE07 /* SignUpControllerViewController.swift */ = {isa = PBXFileReference; fileEncoding = 4; lastKnownFileType = sourcecode.swift; path = SignUpControllerViewController.swift; sourceTree = "<group>"; };
		99186D542511D28800A9FE07 /* SignUpStoryboard.storyboard */ = {isa = PBXFileReference; fileEncoding = 4; lastKnownFileType = file.storyboard; path = SignUpStoryboard.storyboard; sourceTree = "<group>"; };
		99186D572511D32E00A9FE07 /* BottomLineTextField.swift */ = {isa = PBXFileReference; fileEncoding = 4; lastKnownFileType = sourcecode.swift; path = BottomLineTextField.swift; sourceTree = "<group>"; };
		99186D592511D37200A9FE07 /* RoundViewCorner.swift */ = {isa = PBXFileReference; fileEncoding = 4; lastKnownFileType = sourcecode.swift; path = RoundViewCorner.swift; sourceTree = "<group>"; };
		99186D5A2511D37200A9FE07 /* CheckBox.swift */ = {isa = PBXFileReference; fileEncoding = 4; lastKnownFileType = sourcecode.swift; path = CheckBox.swift; sourceTree = "<group>"; };
		99186D5E2511D45600A9FE07 /* Constants.swift */ = {isa = PBXFileReference; fileEncoding = 4; lastKnownFileType = sourcecode.swift; path = Constants.swift; sourceTree = "<group>"; };
		991ADE9F250645A300932251 /* EPOSRoundButton.swift */ = {isa = PBXFileReference; lastKnownFileType = sourcecode.swift; path = EPOSRoundButton.swift; sourceTree = "<group>"; };
		991ADEA1250645C300932251 /* EPOSRectangularButton.swift */ = {isa = PBXFileReference; lastKnownFileType = sourcecode.swift; path = EPOSRectangularButton.swift; sourceTree = "<group>"; };
		991ADEA3250646E500932251 /* EPOSLabel.swift */ = {isa = PBXFileReference; lastKnownFileType = sourcecode.swift; path = EPOSLabel.swift; sourceTree = "<group>"; };
		991ADEA625064E2F00932251 /* UIImageExtension.swift */ = {isa = PBXFileReference; fileEncoding = 4; lastKnownFileType = sourcecode.swift; path = UIImageExtension.swift; sourceTree = "<group>"; };
		991ADEA725064E2F00932251 /* UIButtonExtension.swift */ = {isa = PBXFileReference; fileEncoding = 4; lastKnownFileType = sourcecode.swift; path = UIButtonExtension.swift; sourceTree = "<group>"; };
		991ADEAA250660DB00932251 /* EPOSGradientView.swift */ = {isa = PBXFileReference; lastKnownFileType = sourcecode.swift; path = EPOSGradientView.swift; sourceTree = "<group>"; };
		991ADEAC250662EF00932251 /* EPOSShadowView.swift */ = {isa = PBXFileReference; lastKnownFileType = sourcecode.swift; path = EPOSShadowView.swift; sourceTree = "<group>"; };
		9976C9052500F05600FC5DD3 /* ePOS.app */ = {isa = PBXFileReference; explicitFileType = wrapper.application; includeInIndex = 0; path = ePOS.app; sourceTree = BUILT_PRODUCTS_DIR; };
		9976C9082500F05600FC5DD3 /* AppDelegate.swift */ = {isa = PBXFileReference; lastKnownFileType = sourcecode.swift; path = AppDelegate.swift; sourceTree = "<group>"; };
		9976C90C2500F05600FC5DD3 /* ViewController.swift */ = {isa = PBXFileReference; lastKnownFileType = sourcecode.swift; path = ViewController.swift; sourceTree = "<group>"; };
		9976C90F2500F05700FC5DD3 /* Base */ = {isa = PBXFileReference; lastKnownFileType = file.storyboard; name = Base; path = Base.lproj/Main.storyboard; sourceTree = "<group>"; };
		9976C9112500F05800FC5DD3 /* Assets.xcassets */ = {isa = PBXFileReference; lastKnownFileType = folder.assetcatalog; path = Assets.xcassets; sourceTree = "<group>"; };
		9976C9142500F05800FC5DD3 /* Base */ = {isa = PBXFileReference; lastKnownFileType = file.storyboard; name = Base; path = Base.lproj/LaunchScreen.storyboard; sourceTree = "<group>"; };
		9976C9162500F05800FC5DD3 /* Info.plist */ = {isa = PBXFileReference; lastKnownFileType = text.plist.xml; path = Info.plist; sourceTree = "<group>"; };
		9976C9202501065D00FC5DD3 /* CustomFonts.swift */ = {isa = PBXFileReference; lastKnownFileType = sourcecode.swift; path = CustomFonts.swift; sourceTree = "<group>"; };
		9976C9222501066B00FC5DD3 /* CustomColors.swift */ = {isa = PBXFileReference; lastKnownFileType = sourcecode.swift; path = CustomColors.swift; sourceTree = "<group>"; };
		9976C9252501069D00FC5DD3 /* Colors.xcassets */ = {isa = PBXFileReference; lastKnownFileType = folder.assetcatalog; path = Colors.xcassets; sourceTree = "<group>"; };
		9976C9432501165E00FC5DD3 /* Roboto-Medium.ttf */ = {isa = PBXFileReference; lastKnownFileType = file; path = "Roboto-Medium.ttf"; sourceTree = "<group>"; };
		9976C9442501165E00FC5DD3 /* Roboto-Light.ttf */ = {isa = PBXFileReference; lastKnownFileType = file; path = "Roboto-Light.ttf"; sourceTree = "<group>"; };
		9976C9452501165E00FC5DD3 /* Roboto-Regular.ttf */ = {isa = PBXFileReference; lastKnownFileType = file; path = "Roboto-Regular.ttf"; sourceTree = "<group>"; };
		9976C9462501165E00FC5DD3 /* Roboto-MediumItalic.ttf */ = {isa = PBXFileReference; lastKnownFileType = file; path = "Roboto-MediumItalic.ttf"; sourceTree = "<group>"; };
		9976C9472501165E00FC5DD3 /* Roboto-ThinItalic.ttf */ = {isa = PBXFileReference; lastKnownFileType = file; path = "Roboto-ThinItalic.ttf"; sourceTree = "<group>"; };
		9976C9482501165E00FC5DD3 /* Roboto-BoldItalic.ttf */ = {isa = PBXFileReference; lastKnownFileType = file; path = "Roboto-BoldItalic.ttf"; sourceTree = "<group>"; };
		9976C9492501165E00FC5DD3 /* Roboto-LightItalic.ttf */ = {isa = PBXFileReference; lastKnownFileType = file; path = "Roboto-LightItalic.ttf"; sourceTree = "<group>"; };
		9976C94A2501165E00FC5DD3 /* Roboto-Italic.ttf */ = {isa = PBXFileReference; lastKnownFileType = file; path = "Roboto-Italic.ttf"; sourceTree = "<group>"; };
		9976C94B2501165E00FC5DD3 /* LICENSE.txt */ = {isa = PBXFileReference; fileEncoding = 4; lastKnownFileType = text; path = LICENSE.txt; sourceTree = "<group>"; };
		9976C94C2501165E00FC5DD3 /* Roboto-BlackItalic.ttf */ = {isa = PBXFileReference; lastKnownFileType = file; path = "Roboto-BlackItalic.ttf"; sourceTree = "<group>"; };
		9976C94D2501165E00FC5DD3 /* Roboto-Bold.ttf */ = {isa = PBXFileReference; lastKnownFileType = file; path = "Roboto-Bold.ttf"; sourceTree = "<group>"; };
		9976C94E2501165E00FC5DD3 /* Roboto-Thin.ttf */ = {isa = PBXFileReference; lastKnownFileType = file; path = "Roboto-Thin.ttf"; sourceTree = "<group>"; };
		9976C94F2501165E00FC5DD3 /* Roboto-Black.ttf */ = {isa = PBXFileReference; lastKnownFileType = file; path = "Roboto-Black.ttf"; sourceTree = "<group>"; };
		9976C95D2501173600FC5DD3 /* DeviceType.swift */ = {isa = PBXFileReference; lastKnownFileType = sourcecode.swift; path = DeviceType.swift; sourceTree = "<group>"; };
		9976C9602501190400FC5DD3 /* Constant.h */ = {isa = PBXFileReference; lastKnownFileType = sourcecode.c.h; path = Constant.h; sourceTree = "<group>"; };
		B5B8F0D4F76186F2167A93E4 /* Pods-ePOS.uat.xcconfig */ = {isa = PBXFileReference; includeInIndex = 1; lastKnownFileType = text.xcconfig; name = "Pods-ePOS.uat.xcconfig"; path = "Target Support Files/Pods-ePOS/Pods-ePOS.uat.xcconfig"; sourceTree = "<group>"; };
/* End PBXFileReference section */

/* Begin PBXFrameworksBuildPhase section */
		9976C9022500F05600FC5DD3 /* Frameworks */ = {
			isa = PBXFrameworksBuildPhase;
			buildActionMask = 2147483647;
			files = (
				18274840419F503DA1EE880A /* Pods_ePOS.framework in Frameworks */,
			);
			runOnlyForDeploymentPostprocessing = 0;
		};
/* End PBXFrameworksBuildPhase section */

/* Begin PBXGroup section */
		053A19E71315E5E6B2570376 /* Frameworks */ = {
			isa = PBXGroup;
			children = (
				22F0391820214628F09E9428 /* Pods_ePOS.framework */,
			);
			name = Frameworks;
			sourceTree = "<group>";
		};
		42DF747F6398F5260E9DDF50 /* Pods */ = {
			isa = PBXGroup;
			children = (
				3293659E051B6C990362E7F9 /* Pods-ePOS.debug.xcconfig */,
				21D6DA97CDA242EDFE4068EE /* Pods-ePOS.release.xcconfig */,
				B5B8F0D4F76186F2167A93E4 /* Pods-ePOS.uat.xcconfig */,
			);
			path = Pods;
			sourceTree = "<group>";
		};
		46161AB32513411D006D2783 /* Models */ = {
			isa = PBXGroup;
			children = (
				46161AB42513412E006D2783 /* UserRegistrationDataModel.swift */,
			);
			path = Models;
			sourceTree = "<group>";
		};
		46161ABA25134825006D2783 /* CommonModels */ = {
			isa = PBXGroup;
			children = (
				46161AB8251347A9006D2783 /* DeviceInformationModel.swift */,
				46161AC025135A32006D2783 /* ListSortParamsModel.swift */,
			);
			path = CommonModels;
			sourceTree = "<group>";
		};
		99186CB62508C06500A9FE07 /* TextField */ = {
			isa = PBXGroup;
			children = (
				99186D572511D32E00A9FE07 /* BottomLineTextField.swift */,
				99186CB82508C08F00A9FE07 /* EPOSTextField.h */,
				99186CB92508C08F00A9FE07 /* EPOSTextField.m */,
				99186CBC2508EC6000A9FE07 /* EPOSTextField+FloatText.swift */,
			);
			path = TextField;
			sourceTree = "<group>";
		};
		99186CBB2508C0FC00A9FE07 /* BridgingHeader */ = {
			isa = PBXGroup;
			children = (
				99186CB72508C08E00A9FE07 /* ePOS-Bridging-Header.h */,
			);
			path = BridgingHeader;
			sourceTree = "<group>";
		};
		99186CC02508EEF200A9FE07 /* Controllers */ = {
			isa = PBXGroup;
			children = (
				99186CC32508EF5600A9FE07 /* EPOSTabBarViewController.swift */,
				99186CC52508EF9500A9FE07 /* HomeViewController.swift */,
			);
			path = Controllers;
			sourceTree = "<group>";
		};
		99186CC12508EF1300A9FE07 /* Views */ = {
			isa = PBXGroup;
			children = (
				99186CE7250A3B7600A9FE07 /* Home.storyboard */,
			);
			path = Views;
			sourceTree = "<group>";
		};
		99186CC22508EF1C00A9FE07 /* Models */ = {
			isa = PBXGroup;
			children = (
			);
			path = Models;
			sourceTree = "<group>";
		};
		99186CC72508EFA100A9FE07 /* Controllers */ = {
			isa = PBXGroup;
			children = (
				99186CCA2508F01400A9FE07 /* TransactionsViewController.swift */,
			);
			path = Controllers;
			sourceTree = "<group>";
		};
		99186CC82508EFAA00A9FE07 /* Views */ = {
			isa = PBXGroup;
			children = (
				99186CD32508F07C00A9FE07 /* Transactions.storyboard */,
			);
			path = Views;
			sourceTree = "<group>";
		};
		99186CC92508EFB300A9FE07 /* Models */ = {
			isa = PBXGroup;
			children = (
			);
			path = Models;
			sourceTree = "<group>";
		};
		99186CCC2508F02A00A9FE07 /* Models */ = {
			isa = PBXGroup;
			children = (
			);
			path = Models;
			sourceTree = "<group>";
		};
		99186CCD2508F02A00A9FE07 /* Controllers */ = {
			isa = PBXGroup;
			children = (
				99186CCF2508F03900A9FE07 /* AccountViewController.swift */,
			);
			path = Controllers;
			sourceTree = "<group>";
		};
		99186CCE2508F02A00A9FE07 /* Views */ = {
			isa = PBXGroup;
			children = (
				99186CD12508F06D00A9FE07 /* Account.storyboard */,
			);
			path = Views;
			sourceTree = "<group>";
		};
		99186D092510922B00A9FE07 /* Common Views */ = {
			isa = PBXGroup;
			children = (
				99186D242511D1E000A9FE07 /* CommonWebviewController */,
				99186D112510924000A9FE07 /* No Data Controller */,
				99186D0A2510922B00A9FE07 /* Popup Dialog */,
			);
			path = "Common Views";
			sourceTree = "<group>";
		};
		99186D0A2510922B00A9FE07 /* Popup Dialog */ = {
			isa = PBXGroup;
			children = (
				99186D0B2510922B00A9FE07 /* ShowDialog.swift */,
				99186D0C2510922B00A9FE07 /* FailedPopup.swift */,
				99186D0D2510922B00A9FE07 /* FailedPopup.xib */,
				99186D182510959F00A9FE07 /* StatusDialogItem.swift */,
			);
			path = "Popup Dialog";
			sourceTree = "<group>";
		};
		99186D112510924000A9FE07 /* No Data Controller */ = {
			isa = PBXGroup;
			children = (
				99186D122510926800A9FE07 /* EmptyDataViewController.swift */,
				99186D132510926800A9FE07 /* EmptyDataViewController.xib */,
				99186D16251092A700A9FE07 /* EmptyViewItem.swift */,
			);
			path = "No Data Controller";
			sourceTree = "<group>";
		};
		99186D1F2511D07E00A9FE07 /* Validation */ = {
			isa = PBXGroup;
			children = (
				99186D202511D07E00A9FE07 /* Validation.swift */,
			);
			path = Validation;
			sourceTree = "<group>";
		};
		99186D242511D1E000A9FE07 /* CommonWebviewController */ = {
			isa = PBXGroup;
			children = (
				99186D252511D1E000A9FE07 /* View  */,
				99186D272511D1E000A9FE07 /* Controller */,
			);
			path = CommonWebviewController;
			sourceTree = "<group>";
		};
		99186D252511D1E000A9FE07 /* View  */ = {
			isa = PBXGroup;
			children = (
				99186D262511D1E000A9FE07 /* WebviewStoryBoard.storyboard */,
			);
			path = "View ";
			sourceTree = "<group>";
		};
		99186D272511D1E000A9FE07 /* Controller */ = {
			isa = PBXGroup;
			children = (
				99186D282511D1E000A9FE07 /* CommonWebviewController.swift */,
			);
			path = Controller;
			sourceTree = "<group>";
		};
		99186D2B2511D1F700A9FE07 /* Firebase */ = {
			isa = PBXGroup;
			children = (
				99186D2C2511D1F700A9FE07 /* Prod */,
				99186D2E2511D1F700A9FE07 /* Dev */,
			);
			path = Firebase;
			sourceTree = "<group>";
		};
		99186D2C2511D1F700A9FE07 /* Prod */ = {
			isa = PBXGroup;
			children = (
				99186D2D2511D1F700A9FE07 /* GoogleService-Info.plist */,
			);
			path = Prod;
			sourceTree = "<group>";
		};
		99186D2E2511D1F700A9FE07 /* Dev */ = {
			isa = PBXGroup;
			children = (
				99186D2F2511D1F700A9FE07 /* GoogleService-Info.plist */,
			);
			path = Dev;
			sourceTree = "<group>";
		};
		99186D322511D21000A9FE07 /* WebService */ = {
			isa = PBXGroup;
			children = (
				46161ABA25134825006D2783 /* CommonModels */,
				99186D332511D21000A9FE07 /* ApiHandler */,
				99186D372511D21000A9FE07 /* Request */,
			);
			path = WebService;
			sourceTree = "<group>";
		};
		99186D332511D21000A9FE07 /* ApiHandler */ = {
			isa = PBXGroup;
			children = (
				99186D342511D21000A9FE07 /* ApiClient.swift */,
				99186D352511D21000A9FE07 /* User.swift */,
				99186D362511D21000A9FE07 /* RequestHandler.swift */,
			);
			path = ApiHandler;
			sourceTree = "<group>";
		};
		99186D372511D21000A9FE07 /* Request */ = {
			isa = PBXGroup;
			children = (
				99186D382511D21000A9FE07 /* CheckUserRequest.swift */,
				99186D392511D21000A9FE07 /* OTPVerifyRequest.swift */,
				46161AAD25133E3B006D2783 /* ConfigurationRequest.swift */,
				46161AAF25133FA5006D2783 /* GetLeadIDRequest.swift */,
				46161AB6251346A0006D2783 /* SignUpRequest.swift */,
				46161ABB251358E8006D2783 /* MasterDataRequest.swift */,
				46161ABE2513599B006D2783 /* GetCityListRequest.swift */,
				46161AC225135AB6006D2783 /* UserListRequest.swift */,
			);
			path = Request;
			sourceTree = "<group>";
		};
		99186D412511D26400A9FE07 /* Login */ = {
			isa = PBXGroup;
			children = (
				99186D452511D27F00A9FE07 /* Controllers */,
				99186D422511D27F00A9FE07 /* Models */,
				99186D432511D27F00A9FE07 /* Views */,
			);
			path = Login;
			sourceTree = "<group>";
		};
		99186D422511D27F00A9FE07 /* Models */ = {
			isa = PBXGroup;
			children = (
			);
			path = Models;
			sourceTree = "<group>";
		};
		99186D432511D27F00A9FE07 /* Views */ = {
			isa = PBXGroup;
			children = (
				99186D442511D27F00A9FE07 /* LoginScreen.storyboard */,
			);
			path = Views;
			sourceTree = "<group>";
		};
		99186D452511D27F00A9FE07 /* Controllers */ = {
			isa = PBXGroup;
			children = (
				99186D462511D27F00A9FE07 /* LoginController.swift */,
				99186D472511D27F00A9FE07 /* OTPVerificationController.swift */,
				99186D482511D27F00A9FE07 /* OtpTextField.swift */,
				99186D492511D27F00A9FE07 /* PasswordController.swift */,
			);
			path = Controllers;
			sourceTree = "<group>";
		};
		99186D4F2511D28800A9FE07 /* SignUp */ = {
			isa = PBXGroup;
			children = (
				46161AB32513411D006D2783 /* Models */,
				99186D512511D28800A9FE07 /* Controllers */,
				99186D532511D28800A9FE07 /* VIews */,
			);
			path = SignUp;
			sourceTree = "<group>";
		};
		99186D512511D28800A9FE07 /* Controllers */ = {
			isa = PBXGroup;
			children = (
				99186D522511D28800A9FE07 /* SignUpControllerViewController.swift */,
			);
			path = Controllers;
			sourceTree = "<group>";
		};
		99186D532511D28800A9FE07 /* VIews */ = {
			isa = PBXGroup;
			children = (
				99186D542511D28800A9FE07 /* SignUpStoryboard.storyboard */,
			);
			path = VIews;
			sourceTree = "<group>";
		};
		99186D5D2511D45600A9FE07 /* Constants */ = {
			isa = PBXGroup;
			children = (
				99186D5E2511D45600A9FE07 /* Constants.swift */,
			);
			path = Constants;
			sourceTree = "<group>";
		};
		991ADE922506096700932251 /* Modules */ = {
			isa = PBXGroup;
			children = (
				99186D4F2511D28800A9FE07 /* SignUp */,
				99186D412511D26400A9FE07 /* Login */,
				99186D092510922B00A9FE07 /* Common Views */,
				991ADE9925060A4000932251 /* Walkthrough */,
				991ADE9825060A3600932251 /* Account */,
				991ADE97250609E100932251 /* Transactions */,
				991ADE96250609D900932251 /* Home */,
				991ADE95250609CC00932251 /* On Boarding */,
			);
			path = Modules;
			sourceTree = "<group>";
		};
		991ADE95250609CC00932251 /* On Boarding */ = {
			isa = PBXGroup;
			children = (
			);
			path = "On Boarding";
			sourceTree = "<group>";
		};
		991ADE96250609D900932251 /* Home */ = {
			isa = PBXGroup;
			children = (
				99186CC22508EF1C00A9FE07 /* Models */,
				99186CC12508EF1300A9FE07 /* Views */,
				99186CC02508EEF200A9FE07 /* Controllers */,
			);
			path = Home;
			sourceTree = "<group>";
		};
		991ADE97250609E100932251 /* Transactions */ = {
			isa = PBXGroup;
			children = (
				99186CC92508EFB300A9FE07 /* Models */,
				99186CC82508EFAA00A9FE07 /* Views */,
				99186CC72508EFA100A9FE07 /* Controllers */,
			);
			path = Transactions;
			sourceTree = "<group>";
		};
		991ADE9825060A3600932251 /* Account */ = {
			isa = PBXGroup;
			children = (
				99186CCD2508F02A00A9FE07 /* Controllers */,
				99186CCC2508F02A00A9FE07 /* Models */,
				99186CCE2508F02A00A9FE07 /* Views */,
			);
			path = Account;
			sourceTree = "<group>";
		};
		991ADE9925060A4000932251 /* Walkthrough */ = {
			isa = PBXGroup;
			children = (
			);
			path = Walkthrough;
			sourceTree = "<group>";
		};
		991ADE9A2506454700932251 /* Custom Classes */ = {
			isa = PBXGroup;
			children = (
				99186D5A2511D37200A9FE07 /* CheckBox.swift */,
				99186D592511D37200A9FE07 /* RoundViewCorner.swift */,
				99186CB62508C06500A9FE07 /* TextField */,
				991ADEA525064E1D00932251 /* Gradient Button */,
				991ADE9F250645A300932251 /* EPOSRoundButton.swift */,
				991ADEA1250645C300932251 /* EPOSRectangularButton.swift */,
				991ADEA3250646E500932251 /* EPOSLabel.swift */,
				991ADEAA250660DB00932251 /* EPOSGradientView.swift */,
				991ADEAC250662EF00932251 /* EPOSShadowView.swift */,
			);
			path = "Custom Classes";
			sourceTree = "<group>";
		};
		991ADEA525064E1D00932251 /* Gradient Button */ = {
			isa = PBXGroup;
			children = (
				991ADEA725064E2F00932251 /* UIButtonExtension.swift */,
				991ADEA625064E2F00932251 /* UIImageExtension.swift */,
			);
			path = "Gradient Button";
			sourceTree = "<group>";
		};
		9976C8FC2500F05600FC5DD3 = {
			isa = PBXGroup;
			children = (
				99186D1D2510D6D600A9FE07 /* .swiftlint.yml */,
				9976C9072500F05600FC5DD3 /* ePOS */,
				9976C9062500F05600FC5DD3 /* Products */,
				42DF747F6398F5260E9DDF50 /* Pods */,
				053A19E71315E5E6B2570376 /* Frameworks */,
			);
			sourceTree = "<group>";
		};
		9976C9062500F05600FC5DD3 /* Products */ = {
			isa = PBXGroup;
			children = (
				9976C9052500F05600FC5DD3 /* ePOS.app */,
			);
			name = Products;
			sourceTree = "<group>";
		};
		9976C9072500F05600FC5DD3 /* ePOS */ = {
			isa = PBXGroup;
			children = (
				99186D1F2511D07E00A9FE07 /* Validation */,
				99186D5D2511D45600A9FE07 /* Constants */,
				99186D322511D21000A9FE07 /* WebService */,
				99186D2B2511D1F700A9FE07 /* Firebase */,
				99186CBB2508C0FC00A9FE07 /* BridgingHeader */,
				991ADE922506096700932251 /* Modules */,
				9976C9242501067E00FC5DD3 /* Resources */,
				9976C91D250105D000FC5DD3 /* Common Classes */,
				9976C9082500F05600FC5DD3 /* AppDelegate.swift */,
				9976C90C2500F05600FC5DD3 /* ViewController.swift */,
				9976C90E2500F05700FC5DD3 /* Main.storyboard */,
				9976C9112500F05800FC5DD3 /* Assets.xcassets */,
				9976C9132500F05800FC5DD3 /* LaunchScreen.storyboard */,
				9976C9162500F05800FC5DD3 /* Info.plist */,
				99186CEA250A646400A9FE07 /* StatusDemoViewController.swift */,
			);
			path = ePOS;
			sourceTree = "<group>";
		};
		9976C91D250105D000FC5DD3 /* Common Classes */ = {
			isa = PBXGroup;
			children = (
				991ADE9A2506454700932251 /* Custom Classes */,
				9976C95F250118E900FC5DD3 /* Constants */,
				9976C91F250105F800FC5DD3 /* Extensions */,
				9976C91E250105EE00FC5DD3 /* Utilities */,
			);
			path = "Common Classes";
			sourceTree = "<group>";
		};
		9976C91E250105EE00FC5DD3 /* Utilities */ = {
			isa = PBXGroup;
			children = (
				99186D222511D09400A9FE07 /* Util.swift */,
				99186CE5250A2C6500A9FE07 /* EPOSHelper.swift */,
			);
			path = Utilities;
			sourceTree = "<group>";
		};
		9976C91F250105F800FC5DD3 /* Extensions */ = {
			isa = PBXGroup;
			children = (
				9976C9202501065D00FC5DD3 /* CustomFonts.swift */,
				9976C9222501066B00FC5DD3 /* CustomColors.swift */,
				9976C95D2501173600FC5DD3 /* DeviceType.swift */,
				46161AC425137F55006D2783 /* CommonExtensions.swift */,
			);
			path = Extensions;
			sourceTree = "<group>";
		};
		9976C9242501067E00FC5DD3 /* Resources */ = {
			isa = PBXGroup;
			children = (
				9976C9422501165E00FC5DD3 /* Roboto */,
				9976C9252501069D00FC5DD3 /* Colors.xcassets */,
			);
			path = Resources;
			sourceTree = "<group>";
		};
		9976C9422501165E00FC5DD3 /* Roboto */ = {
			isa = PBXGroup;
			children = (
				9976C9432501165E00FC5DD3 /* Roboto-Medium.ttf */,
				9976C9442501165E00FC5DD3 /* Roboto-Light.ttf */,
				9976C9452501165E00FC5DD3 /* Roboto-Regular.ttf */,
				9976C9462501165E00FC5DD3 /* Roboto-MediumItalic.ttf */,
				9976C9472501165E00FC5DD3 /* Roboto-ThinItalic.ttf */,
				9976C9482501165E00FC5DD3 /* Roboto-BoldItalic.ttf */,
				9976C9492501165E00FC5DD3 /* Roboto-LightItalic.ttf */,
				9976C94A2501165E00FC5DD3 /* Roboto-Italic.ttf */,
				9976C94B2501165E00FC5DD3 /* LICENSE.txt */,
				9976C94C2501165E00FC5DD3 /* Roboto-BlackItalic.ttf */,
				9976C94D2501165E00FC5DD3 /* Roboto-Bold.ttf */,
				9976C94E2501165E00FC5DD3 /* Roboto-Thin.ttf */,
				9976C94F2501165E00FC5DD3 /* Roboto-Black.ttf */,
			);
			path = Roboto;
			sourceTree = "<group>";
		};
		9976C95F250118E900FC5DD3 /* Constants */ = {
			isa = PBXGroup;
			children = (
				9976C9602501190400FC5DD3 /* Constant.h */,
			);
			path = Constants;
			sourceTree = "<group>";
		};
/* End PBXGroup section */

/* Begin PBXNativeTarget section */
		9976C9042500F05600FC5DD3 /* ePOS */ = {
			isa = PBXNativeTarget;
			buildConfigurationList = 9976C9192500F05800FC5DD3 /* Build configuration list for PBXNativeTarget "ePOS" */;
			buildPhases = (
				901C4886E4729477AFB68FD3 /* [CP] Check Pods Manifest.lock */,
				9976C9012500F05600FC5DD3 /* Sources */,
				99186D612511D52000A9FE07 /* Firebase Plist Script */,
				9976C9022500F05600FC5DD3 /* Frameworks */,
				9976C9032500F05600FC5DD3 /* Resources */,
				F1ACA5527FF91ED60A8005D4 /* [CP] Embed Pods Frameworks */,
				99186D1A2510D11300A9FE07 /* SwiftLint Script */,
				99186D602511D4DF00A9FE07 /* ShellScript */,
			);
			buildRules = (
			);
			dependencies = (
			);
			name = ePOS;
			productName = ePOS;
			productReference = 9976C9052500F05600FC5DD3 /* ePOS.app */;
			productType = "com.apple.product-type.application";
		};
/* End PBXNativeTarget section */

/* Begin PBXProject section */
		9976C8FD2500F05600FC5DD3 /* Project object */ = {
			isa = PBXProject;
			attributes = {
				LastSwiftUpdateCheck = 1130;
				LastUpgradeCheck = 1130;
				ORGANIZATIONNAME = Pinelabs;
				TargetAttributes = {
					9976C9042500F05600FC5DD3 = {
						CreatedOnToolsVersion = 11.3.1;
						LastSwiftMigration = 1130;
					};
				};
			};
			buildConfigurationList = 9976C9002500F05600FC5DD3 /* Build configuration list for PBXProject "ePOS" */;
			compatibilityVersion = "Xcode 9.3";
			developmentRegion = en;
			hasScannedForEncodings = 0;
			knownRegions = (
				en,
				Base,
			);
			mainGroup = 9976C8FC2500F05600FC5DD3;
			productRefGroup = 9976C9062500F05600FC5DD3 /* Products */;
			projectDirPath = "";
			projectRoot = "";
			targets = (
				9976C9042500F05600FC5DD3 /* ePOS */,
			);
		};
/* End PBXProject section */

/* Begin PBXResourcesBuildPhase section */
		9976C9032500F05600FC5DD3 /* Resources */ = {
			isa = PBXResourcesBuildPhase;
			buildActionMask = 2147483647;
			files = (
				9976C95B2501165E00FC5DD3 /* Roboto-Thin.ttf in Resources */,
				9976C9502501165E00FC5DD3 /* Roboto-Medium.ttf in Resources */,
				9976C9572501165E00FC5DD3 /* Roboto-Italic.ttf in Resources */,
				99186D4A2511D27F00A9FE07 /* LoginScreen.storyboard in Resources */,
				9976C95A2501165E00FC5DD3 /* Roboto-Bold.ttf in Resources */,
				99186CD42508F07C00A9FE07 /* Transactions.storyboard in Resources */,
				99186D292511D1E000A9FE07 /* WebviewStoryBoard.storyboard in Resources */,
				99186D102510922B00A9FE07 /* FailedPopup.xib in Resources */,
				99186D152510926800A9FE07 /* EmptyDataViewController.xib in Resources */,
				9976C9562501165E00FC5DD3 /* Roboto-LightItalic.ttf in Resources */,
				9976C95C2501165E00FC5DD3 /* Roboto-Black.ttf in Resources */,
				9976C9592501165E00FC5DD3 /* Roboto-BlackItalic.ttf in Resources */,
				9976C9522501165E00FC5DD3 /* Roboto-Regular.ttf in Resources */,
				9976C9152500F05800FC5DD3 /* LaunchScreen.storyboard in Resources */,
				9976C9582501165E00FC5DD3 /* LICENSE.txt in Resources */,
				99186D562511D28800A9FE07 /* SignUpStoryboard.storyboard in Resources */,
				99186CE8250A3B7600A9FE07 /* Home.storyboard in Resources */,
				9976C9512501165E00FC5DD3 /* Roboto-Light.ttf in Resources */,
				9976C9532501165E00FC5DD3 /* Roboto-MediumItalic.ttf in Resources */,
				9976C9262501069D00FC5DD3 /* Colors.xcassets in Resources */,
				9976C9542501165E00FC5DD3 /* Roboto-ThinItalic.ttf in Resources */,
				9976C9122500F05800FC5DD3 /* Assets.xcassets in Resources */,
				9976C9552501165E00FC5DD3 /* Roboto-BoldItalic.ttf in Resources */,
				99186D1E2510D6D600A9FE07 /* .swiftlint.yml in Resources */,
				99186CD22508F06D00A9FE07 /* Account.storyboard in Resources */,
				9976C9102500F05700FC5DD3 /* Main.storyboard in Resources */,
			);
			runOnlyForDeploymentPostprocessing = 0;
		};
/* End PBXResourcesBuildPhase section */

/* Begin PBXShellScriptBuildPhase section */
		901C4886E4729477AFB68FD3 /* [CP] Check Pods Manifest.lock */ = {
			isa = PBXShellScriptBuildPhase;
			buildActionMask = 2147483647;
			files = (
			);
			inputFileListPaths = (
			);
			inputPaths = (
				"${PODS_PODFILE_DIR_PATH}/Podfile.lock",
				"${PODS_ROOT}/Manifest.lock",
			);
			name = "[CP] Check Pods Manifest.lock";
			outputFileListPaths = (
			);
			outputPaths = (
				"$(DERIVED_FILE_DIR)/Pods-ePOS-checkManifestLockResult.txt",
			);
			runOnlyForDeploymentPostprocessing = 0;
			shellPath = /bin/sh;
			shellScript = "diff \"${PODS_PODFILE_DIR_PATH}/Podfile.lock\" \"${PODS_ROOT}/Manifest.lock\" > /dev/null\nif [ $? != 0 ] ; then\n    # print error to STDERR\n    echo \"error: The sandbox is not in sync with the Podfile.lock. Run 'pod install' or update your CocoaPods installation.\" >&2\n    exit 1\nfi\n# This output is used by Xcode 'outputs' to avoid re-running this script phase.\necho \"SUCCESS\" > \"${SCRIPT_OUTPUT_FILE_0}\"\n";
			showEnvVarsInLog = 0;
		};
		99186D1A2510D11300A9FE07 /* SwiftLint Script */ = {
			isa = PBXShellScriptBuildPhase;
			buildActionMask = 2147483647;
			files = (
			);
			inputFileListPaths = (
			);
			inputPaths = (
			);
			name = "SwiftLint Script";
			outputFileListPaths = (
			);
			outputPaths = (
			);
			runOnlyForDeploymentPostprocessing = 0;
			shellPath = /bin/sh;
			shellScript = "\"${PODS_ROOT}/SwiftLint/swiftlint\"\n";
		};
		99186D602511D4DF00A9FE07 /* ShellScript */ = {
			isa = PBXShellScriptBuildPhase;
			buildActionMask = 2147483647;
			files = (
			);
			inputFileListPaths = (
			);
			inputPaths = (
			);
			outputFileListPaths = (
			);
			outputPaths = (
			);
			runOnlyForDeploymentPostprocessing = 0;
			shellPath = /bin/sh;
			shellScript = "# Type a script or drag a script file from your workspace to insert its path.\n\"${PODS_ROOT}/FirebaseCrashlytics/run\"\n\n";
		};
		99186D612511D52000A9FE07 /* Firebase Plist Script */ = {
			isa = PBXShellScriptBuildPhase;
			buildActionMask = 2147483647;
			files = (
			);
			inputFileListPaths = (
			);
			inputPaths = (
			);
			name = "Firebase Plist Script";
			outputFileListPaths = (
			);
			outputPaths = (
			);
			runOnlyForDeploymentPostprocessing = 0;
			shellPath = /bin/sh;
			shellScript = "# Type a script or drag a script file from your workspace to insert its path.\n# Name of the resource we're selectively copying\nGOOGLESERVICE_INFO_PLIST=GoogleService-Info.plist\n\n# Get references to dev and prod versions of the GoogleService-Info.plist\n# NOTE: These should only live on the file system and should NOT be part of the target (since we'll be adding them to the target manually)\nGOOGLESERVICE_INFO_DEV=${PROJECT_DIR}/${TARGET_NAME}/Firebase/Dev/${GOOGLESERVICE_INFO_PLIST}\nGOOGLESERVICE_INFO_PROD=${PROJECT_DIR}/${TARGET_NAME}/Firebase/Prod/${GOOGLESERVICE_INFO_PLIST}\n\n# Make sure the dev version of GoogleService-Info.plist exists\necho \"Looking for ${GOOGLESERVICE_INFO_PLIST} in ${GOOGLESERVICE_INFO_DEV}\"\nif [ ! -f $GOOGLESERVICE_INFO_DEV ]\nthen\n    echo \"No Development GoogleService-Info.plist found. Please ensure it's in the proper directory.\"\n    exit 1\nfi\n\n# Make sure the prod version of GoogleService-Info.plist exists\necho \"Looking for ${GOOGLESERVICE_INFO_PLIST} in ${GOOGLESERVICE_INFO_PROD}\"\nif [ ! -f $GOOGLESERVICE_INFO_PROD ]\nthen\n    echo \"No Production GoogleService-Info.plist found. Please ensure it's in the proper directory.\"\n    exit 1\nfi\n\n# Get a reference to the destination location for the GoogleService-Info.plist\nPLIST_DESTINATION=${BUILT_PRODUCTS_DIR}/${PRODUCT_NAME}.app\necho \"Will copy ${GOOGLESERVICE_INFO_PLIST} to final destination: ${PLIST_DESTINATION}\"\n\n# Copy over the prod GoogleService-Info.plist for Release builds\nif [ \"${CONFIGURATION}\" == \"Release\" ]\nthen\n    echo \"Using ${GOOGLESERVICE_INFO_PROD}\"\n    cp \"${GOOGLESERVICE_INFO_PROD}\" \"${PLIST_DESTINATION}\"\nelse\n    echo \"Using ${GOOGLESERVICE_INFO_DEV}\"\n    cp \"${GOOGLESERVICE_INFO_DEV}\" \"${PLIST_DESTINATION}\"\nfi\n";
		};
		F1ACA5527FF91ED60A8005D4 /* [CP] Embed Pods Frameworks */ = {
			isa = PBXShellScriptBuildPhase;
			buildActionMask = 2147483647;
			files = (
			);
			inputFileListPaths = (
			);
			inputPaths = (
				"${PODS_ROOT}/Target Support Files/Pods-ePOS/Pods-ePOS-frameworks.sh",
				"${BUILT_PRODUCTS_DIR}/Alamofire/Alamofire.framework",
				"${BUILT_PRODUCTS_DIR}/GoogleUtilities/GoogleUtilities.framework",
				"${BUILT_PRODUCTS_DIR}/Kingfisher/Kingfisher.framework",
				"${BUILT_PRODUCTS_DIR}/MDFInternationalization/MDFInternationalization.framework",
				"${BUILT_PRODUCTS_DIR}/MaterialComponents/MaterialComponents.framework",
				"${BUILT_PRODUCTS_DIR}/Moya/Moya.framework",
				"${BUILT_PRODUCTS_DIR}/PromisesObjC/FBLPromises.framework",
				"${BUILT_PRODUCTS_DIR}/SwiftMessages/SwiftMessages.framework",
				"${BUILT_PRODUCTS_DIR}/nanopb/nanopb.framework",
			);
			name = "[CP] Embed Pods Frameworks";
			outputFileListPaths = (
			);
			outputPaths = (
				"${TARGET_BUILD_DIR}/${FRAMEWORKS_FOLDER_PATH}/Alamofire.framework",
				"${TARGET_BUILD_DIR}/${FRAMEWORKS_FOLDER_PATH}/GoogleUtilities.framework",
				"${TARGET_BUILD_DIR}/${FRAMEWORKS_FOLDER_PATH}/Kingfisher.framework",
				"${TARGET_BUILD_DIR}/${FRAMEWORKS_FOLDER_PATH}/MDFInternationalization.framework",
				"${TARGET_BUILD_DIR}/${FRAMEWORKS_FOLDER_PATH}/MaterialComponents.framework",
				"${TARGET_BUILD_DIR}/${FRAMEWORKS_FOLDER_PATH}/Moya.framework",
				"${TARGET_BUILD_DIR}/${FRAMEWORKS_FOLDER_PATH}/FBLPromises.framework",
				"${TARGET_BUILD_DIR}/${FRAMEWORKS_FOLDER_PATH}/SwiftMessages.framework",
				"${TARGET_BUILD_DIR}/${FRAMEWORKS_FOLDER_PATH}/nanopb.framework",
			);
			runOnlyForDeploymentPostprocessing = 0;
			shellPath = /bin/sh;
			shellScript = "\"${PODS_ROOT}/Target Support Files/Pods-ePOS/Pods-ePOS-frameworks.sh\"\n";
			showEnvVarsInLog = 0;
		};
/* End PBXShellScriptBuildPhase section */

/* Begin PBXSourcesBuildPhase section */
		9976C9012500F05600FC5DD3 /* Sources */ = {
			isa = PBXSourcesBuildPhase;
			buildActionMask = 2147483647;
			files = (
				46161AB7251346A0006D2783 /* SignUpRequest.swift in Sources */,
				99186D3D2511D21100A9FE07 /* RequestHandler.swift in Sources */,
				99186D192510959F00A9FE07 /* StatusDialogItem.swift in Sources */,
				9976C90D2500F05600FC5DD3 /* ViewController.swift in Sources */,
				9976C9232501066B00FC5DD3 /* CustomColors.swift in Sources */,
				99186CCB2508F01400A9FE07 /* TransactionsViewController.swift in Sources */,
				46161AAE25133E3B006D2783 /* ConfigurationRequest.swift in Sources */,
				99186D212511D07E00A9FE07 /* Validation.swift in Sources */,
				46161ABF2513599B006D2783 /* GetCityListRequest.swift in Sources */,
				9976C9212501065D00FC5DD3 /* CustomFonts.swift in Sources */,
				99186D5F2511D45600A9FE07 /* Constants.swift in Sources */,
				99186CC62508EF9500A9FE07 /* HomeViewController.swift in Sources */,
				99186D3B2511D21000A9FE07 /* ApiClient.swift in Sources */,
				99186D582511D32E00A9FE07 /* BottomLineTextField.swift in Sources */,
				99186D3C2511D21000A9FE07 /* User.swift in Sources */,
				9976C95E2501173600FC5DD3 /* DeviceType.swift in Sources */,
				99186CE6250A2C6500A9FE07 /* EPOSHelper.swift in Sources */,
				99186CBD2508EC6000A9FE07 /* EPOSTextField+FloatText.swift in Sources */,
				99186D552511D28800A9FE07 /* SignUpControllerViewController.swift in Sources */,
				99186D232511D09400A9FE07 /* Util.swift in Sources */,
				991ADEA825064E2F00932251 /* UIImageExtension.swift in Sources */,
				99186D4D2511D27F00A9FE07 /* OtpTextField.swift in Sources */,
				99186D4C2511D27F00A9FE07 /* OTPVerificationController.swift in Sources */,
				991ADEA925064E2F00932251 /* UIButtonExtension.swift in Sources */,
				46161AB025133FA5006D2783 /* GetLeadIDRequest.swift in Sources */,
				99186D0E2510922B00A9FE07 /* ShowDialog.swift in Sources */,
				99186D2A2511D1E000A9FE07 /* CommonWebviewController.swift in Sources */,
				991ADEA4250646E500932251 /* EPOSLabel.swift in Sources */,
				99186D142510926800A9FE07 /* EmptyDataViewController.swift in Sources */,
				991ADEA0250645A300932251 /* EPOSRoundButton.swift in Sources */,
				46161AB9251347A9006D2783 /* DeviceInformationModel.swift in Sources */,
				991ADEA2250645C300932251 /* EPOSRectangularButton.swift in Sources */,
				46161ABC251358E8006D2783 /* MasterDataRequest.swift in Sources */,
				99186D17251092A700A9FE07 /* EmptyViewItem.swift in Sources */,
				99186D3E2511D21100A9FE07 /* CheckUserRequest.swift in Sources */,
				99186CEB250A646400A9FE07 /* StatusDemoViewController.swift in Sources */,
				99186D3F2511D21100A9FE07 /* OTPVerifyRequest.swift in Sources */,
				99186CD02508F03900A9FE07 /* AccountViewController.swift in Sources */,
				99186CBA2508C08F00A9FE07 /* EPOSTextField.m in Sources */,
				99186CC42508EF5600A9FE07 /* EPOSTabBarViewController.swift in Sources */,
				991ADEAB250660DB00932251 /* EPOSGradientView.swift in Sources */,
				99186D0F2510922B00A9FE07 /* FailedPopup.swift in Sources */,
				99186D5B2511D37200A9FE07 /* RoundViewCorner.swift in Sources */,
				46161AC325135AB6006D2783 /* UserListRequest.swift in Sources */,
				46161AC125135A32006D2783 /* ListSortParamsModel.swift in Sources */,
				99186D4E2511D27F00A9FE07 /* PasswordController.swift in Sources */,
				46161AB52513412E006D2783 /* UserRegistrationDataModel.swift in Sources */,
				99186D5C2511D37200A9FE07 /* CheckBox.swift in Sources */,
				9976C9092500F05600FC5DD3 /* AppDelegate.swift in Sources */,
				991ADEAD250662EF00932251 /* EPOSShadowView.swift in Sources */,
				46161AC525137F56006D2783 /* CommonExtensions.swift in Sources */,
				99186D4B2511D27F00A9FE07 /* LoginController.swift in Sources */,
			);
			runOnlyForDeploymentPostprocessing = 0;
		};
/* End PBXSourcesBuildPhase section */

/* Begin PBXVariantGroup section */
		9976C90E2500F05700FC5DD3 /* Main.storyboard */ = {
			isa = PBXVariantGroup;
			children = (
				9976C90F2500F05700FC5DD3 /* Base */,
			);
			name = Main.storyboard;
			sourceTree = "<group>";
		};
		9976C9132500F05800FC5DD3 /* LaunchScreen.storyboard */ = {
			isa = PBXVariantGroup;
			children = (
				9976C9142500F05800FC5DD3 /* Base */,
			);
			name = LaunchScreen.storyboard;
			sourceTree = "<group>";
		};
/* End PBXVariantGroup section */

/* Begin XCBuildConfiguration section */
		991ADE7F2505DB9E00932251 /* UAT */ = {
			isa = XCBuildConfiguration;
			buildSettings = {
				ALWAYS_SEARCH_USER_PATHS = NO;
				APP_DISPLAY_NAME = "ePOS UAT";
				CLANG_ANALYZER_NONNULL = YES;
				CLANG_ANALYZER_NUMBER_OBJECT_CONVERSION = YES_AGGRESSIVE;
				CLANG_CXX_LANGUAGE_STANDARD = "gnu++14";
				CLANG_CXX_LIBRARY = "libc++";
				CLANG_ENABLE_MODULES = YES;
				CLANG_ENABLE_OBJC_ARC = YES;
				CLANG_ENABLE_OBJC_WEAK = YES;
				CLANG_WARN_BLOCK_CAPTURE_AUTORELEASING = YES;
				CLANG_WARN_BOOL_CONVERSION = YES;
				CLANG_WARN_COMMA = YES;
				CLANG_WARN_CONSTANT_CONVERSION = YES;
				CLANG_WARN_DEPRECATED_OBJC_IMPLEMENTATIONS = YES;
				CLANG_WARN_DIRECT_OBJC_ISA_USAGE = YES_ERROR;
				CLANG_WARN_DOCUMENTATION_COMMENTS = YES;
				CLANG_WARN_EMPTY_BODY = YES;
				CLANG_WARN_ENUM_CONVERSION = YES;
				CLANG_WARN_INFINITE_RECURSION = YES;
				CLANG_WARN_INT_CONVERSION = YES;
				CLANG_WARN_NON_LITERAL_NULL_CONVERSION = YES;
				CLANG_WARN_OBJC_IMPLICIT_RETAIN_SELF = YES;
				CLANG_WARN_OBJC_LITERAL_CONVERSION = YES;
				CLANG_WARN_OBJC_ROOT_CLASS = YES_ERROR;
				CLANG_WARN_RANGE_LOOP_ANALYSIS = YES;
				CLANG_WARN_STRICT_PROTOTYPES = YES;
				CLANG_WARN_SUSPICIOUS_MOVE = YES;
				CLANG_WARN_UNGUARDED_AVAILABILITY = YES_AGGRESSIVE;
				CLANG_WARN_UNREACHABLE_CODE = YES;
				CLANG_WARN__DUPLICATE_METHOD_MATCH = YES;
				COPY_PHASE_STRIP = NO;
				DEBUG_INFORMATION_FORMAT = dwarf;
				ENABLE_STRICT_OBJC_MSGSEND = YES;
				ENABLE_TESTABILITY = YES;
				GCC_C_LANGUAGE_STANDARD = gnu11;
				GCC_DYNAMIC_NO_PIC = NO;
				GCC_NO_COMMON_BLOCKS = YES;
				GCC_OPTIMIZATION_LEVEL = 0;
				GCC_PREPROCESSOR_DEFINITIONS = (
					"DEBUG=1",
					"$(inherited)",
				);
				GCC_WARN_64_TO_32_BIT_CONVERSION = YES;
				GCC_WARN_ABOUT_RETURN_TYPE = YES_ERROR;
				GCC_WARN_UNDECLARED_SELECTOR = YES;
				GCC_WARN_UNINITIALIZED_AUTOS = YES_AGGRESSIVE;
				GCC_WARN_UNUSED_FUNCTION = YES;
				GCC_WARN_UNUSED_VARIABLE = YES;
				IPHONEOS_DEPLOYMENT_TARGET = 12.1;
				MTL_ENABLE_DEBUG_INFO = INCLUDE_SOURCE;
				MTL_FAST_MATH = YES;
				ONLY_ACTIVE_ARCH = YES;
				SDKROOT = iphoneos;
				SWIFT_ACTIVE_COMPILATION_CONDITIONS = DEBUG;
				SWIFT_OPTIMIZATION_LEVEL = "-Onone";
			};
			name = UAT;
		};
		991ADE802505DB9E00932251 /* UAT */ = {
			isa = XCBuildConfiguration;
			baseConfigurationReference = B5B8F0D4F76186F2167A93E4 /* Pods-ePOS.uat.xcconfig */;
			buildSettings = {
				ASSETCATALOG_COMPILER_APPICON_NAME = AppIcon;
				CLANG_ENABLE_MODULES = YES;
				CODE_SIGN_STYLE = Automatic;
				DEBUG_INFORMATION_FORMAT = "dwarf-with-dsym";
				DEVELOPMENT_TEAM = HCF6CL33AL;
				INFOPLIST_FILE = ePOS/Info.plist;
				LD_RUNPATH_SEARCH_PATHS = (
					"$(inherited)",
					"@executable_path/Frameworks",
				);
				PRODUCT_BUNDLE_IDENTIFIER = com.pinelabs.eposdev;
				PRODUCT_NAME = "$(TARGET_NAME)";
				SERVER_URL = "";
				SWIFT_OBJC_BRIDGING_HEADER = "ePOS/BridgingHeader/ePOS-Bridging-Header.h";
				SWIFT_OPTIMIZATION_LEVEL = "-Onone";
				SWIFT_VERSION = 5.0;
				TARGETED_DEVICE_FAMILY = "1,2";
			};
			name = UAT;
		};
		9976C9172500F05800FC5DD3 /* Debug */ = {
			isa = XCBuildConfiguration;
			buildSettings = {
				ALWAYS_SEARCH_USER_PATHS = NO;
				APP_DISPLAY_NAME = "ePOS Dev";
				CLANG_ANALYZER_NONNULL = YES;
				CLANG_ANALYZER_NUMBER_OBJECT_CONVERSION = YES_AGGRESSIVE;
				CLANG_CXX_LANGUAGE_STANDARD = "gnu++14";
				CLANG_CXX_LIBRARY = "libc++";
				CLANG_ENABLE_MODULES = YES;
				CLANG_ENABLE_OBJC_ARC = YES;
				CLANG_ENABLE_OBJC_WEAK = YES;
				CLANG_WARN_BLOCK_CAPTURE_AUTORELEASING = YES;
				CLANG_WARN_BOOL_CONVERSION = YES;
				CLANG_WARN_COMMA = YES;
				CLANG_WARN_CONSTANT_CONVERSION = YES;
				CLANG_WARN_DEPRECATED_OBJC_IMPLEMENTATIONS = YES;
				CLANG_WARN_DIRECT_OBJC_ISA_USAGE = YES_ERROR;
				CLANG_WARN_DOCUMENTATION_COMMENTS = YES;
				CLANG_WARN_EMPTY_BODY = YES;
				CLANG_WARN_ENUM_CONVERSION = YES;
				CLANG_WARN_INFINITE_RECURSION = YES;
				CLANG_WARN_INT_CONVERSION = YES;
				CLANG_WARN_NON_LITERAL_NULL_CONVERSION = YES;
				CLANG_WARN_OBJC_IMPLICIT_RETAIN_SELF = YES;
				CLANG_WARN_OBJC_LITERAL_CONVERSION = YES;
				CLANG_WARN_OBJC_ROOT_CLASS = YES_ERROR;
				CLANG_WARN_RANGE_LOOP_ANALYSIS = YES;
				CLANG_WARN_STRICT_PROTOTYPES = YES;
				CLANG_WARN_SUSPICIOUS_MOVE = YES;
				CLANG_WARN_UNGUARDED_AVAILABILITY = YES_AGGRESSIVE;
				CLANG_WARN_UNREACHABLE_CODE = YES;
				CLANG_WARN__DUPLICATE_METHOD_MATCH = YES;
				COPY_PHASE_STRIP = NO;
				DEBUG_INFORMATION_FORMAT = dwarf;
				ENABLE_STRICT_OBJC_MSGSEND = YES;
				ENABLE_TESTABILITY = YES;
				GCC_C_LANGUAGE_STANDARD = gnu11;
				GCC_DYNAMIC_NO_PIC = NO;
				GCC_NO_COMMON_BLOCKS = YES;
				GCC_OPTIMIZATION_LEVEL = 0;
				GCC_PREPROCESSOR_DEFINITIONS = (
					"DEBUG=1",
					"$(inherited)",
				);
				GCC_WARN_64_TO_32_BIT_CONVERSION = YES;
				GCC_WARN_ABOUT_RETURN_TYPE = YES_ERROR;
				GCC_WARN_UNDECLARED_SELECTOR = YES;
				GCC_WARN_UNINITIALIZED_AUTOS = YES_AGGRESSIVE;
				GCC_WARN_UNUSED_FUNCTION = YES;
				GCC_WARN_UNUSED_VARIABLE = YES;
				IPHONEOS_DEPLOYMENT_TARGET = 12.1;
				MTL_ENABLE_DEBUG_INFO = INCLUDE_SOURCE;
				MTL_FAST_MATH = YES;
				ONLY_ACTIVE_ARCH = YES;
				SDKROOT = iphoneos;
				SWIFT_ACTIVE_COMPILATION_CONDITIONS = DEBUG;
				SWIFT_OPTIMIZATION_LEVEL = "-Onone";
			};
			name = Debug;
		};
		9976C9182500F05800FC5DD3 /* Release */ = {
			isa = XCBuildConfiguration;
			buildSettings = {
				ALWAYS_SEARCH_USER_PATHS = NO;
				APP_DISPLAY_NAME = ePOS;
				CLANG_ANALYZER_NONNULL = YES;
				CLANG_ANALYZER_NUMBER_OBJECT_CONVERSION = YES_AGGRESSIVE;
				CLANG_CXX_LANGUAGE_STANDARD = "gnu++14";
				CLANG_CXX_LIBRARY = "libc++";
				CLANG_ENABLE_MODULES = YES;
				CLANG_ENABLE_OBJC_ARC = YES;
				CLANG_ENABLE_OBJC_WEAK = YES;
				CLANG_WARN_BLOCK_CAPTURE_AUTORELEASING = YES;
				CLANG_WARN_BOOL_CONVERSION = YES;
				CLANG_WARN_COMMA = YES;
				CLANG_WARN_CONSTANT_CONVERSION = YES;
				CLANG_WARN_DEPRECATED_OBJC_IMPLEMENTATIONS = YES;
				CLANG_WARN_DIRECT_OBJC_ISA_USAGE = YES_ERROR;
				CLANG_WARN_DOCUMENTATION_COMMENTS = YES;
				CLANG_WARN_EMPTY_BODY = YES;
				CLANG_WARN_ENUM_CONVERSION = YES;
				CLANG_WARN_INFINITE_RECURSION = YES;
				CLANG_WARN_INT_CONVERSION = YES;
				CLANG_WARN_NON_LITERAL_NULL_CONVERSION = YES;
				CLANG_WARN_OBJC_IMPLICIT_RETAIN_SELF = YES;
				CLANG_WARN_OBJC_LITERAL_CONVERSION = YES;
				CLANG_WARN_OBJC_ROOT_CLASS = YES_ERROR;
				CLANG_WARN_RANGE_LOOP_ANALYSIS = YES;
				CLANG_WARN_STRICT_PROTOTYPES = YES;
				CLANG_WARN_SUSPICIOUS_MOVE = YES;
				CLANG_WARN_UNGUARDED_AVAILABILITY = YES_AGGRESSIVE;
				CLANG_WARN_UNREACHABLE_CODE = YES;
				CLANG_WARN__DUPLICATE_METHOD_MATCH = YES;
				COPY_PHASE_STRIP = NO;
				DEBUG_INFORMATION_FORMAT = "dwarf-with-dsym";
				ENABLE_NS_ASSERTIONS = NO;
				ENABLE_STRICT_OBJC_MSGSEND = YES;
				GCC_C_LANGUAGE_STANDARD = gnu11;
				GCC_NO_COMMON_BLOCKS = YES;
				GCC_WARN_64_TO_32_BIT_CONVERSION = YES;
				GCC_WARN_ABOUT_RETURN_TYPE = YES_ERROR;
				GCC_WARN_UNDECLARED_SELECTOR = YES;
				GCC_WARN_UNINITIALIZED_AUTOS = YES_AGGRESSIVE;
				GCC_WARN_UNUSED_FUNCTION = YES;
				GCC_WARN_UNUSED_VARIABLE = YES;
				IPHONEOS_DEPLOYMENT_TARGET = 12.1;
				MTL_ENABLE_DEBUG_INFO = NO;
				MTL_FAST_MATH = YES;
				SDKROOT = iphoneos;
				SWIFT_COMPILATION_MODE = wholemodule;
				SWIFT_OPTIMIZATION_LEVEL = "-O";
				VALIDATE_PRODUCT = YES;
			};
			name = Release;
		};
		9976C91A2500F05800FC5DD3 /* Debug */ = {
			isa = XCBuildConfiguration;
			baseConfigurationReference = 3293659E051B6C990362E7F9 /* Pods-ePOS.debug.xcconfig */;
			buildSettings = {
				ASSETCATALOG_COMPILER_APPICON_NAME = AppIcon;
				CLANG_ENABLE_MODULES = YES;
				CODE_SIGN_STYLE = Automatic;
				DEBUG_INFORMATION_FORMAT = "dwarf-with-dsym";
				DEVELOPMENT_TEAM = HCF6CL33AL;
				INFOPLIST_FILE = ePOS/Info.plist;
				LD_RUNPATH_SEARCH_PATHS = (
					"$(inherited)",
					"@executable_path/Frameworks",
				);
				PRODUCT_BUNDLE_IDENTIFIER = com.pinelabs.eposdev;
				PRODUCT_NAME = "$(TARGET_NAME)";
				SERVER_URL = "";
				SWIFT_OBJC_BRIDGING_HEADER = "ePOS/BridgingHeader/ePOS-Bridging-Header.h";
				SWIFT_OPTIMIZATION_LEVEL = "-Onone";
				SWIFT_VERSION = 5.0;
				TARGETED_DEVICE_FAMILY = "1,2";
			};
			name = Debug;
		};
		9976C91B2500F05800FC5DD3 /* Release */ = {
			isa = XCBuildConfiguration;
			baseConfigurationReference = 21D6DA97CDA242EDFE4068EE /* Pods-ePOS.release.xcconfig */;
			buildSettings = {
				ASSETCATALOG_COMPILER_APPICON_NAME = AppIcon;
				CLANG_ENABLE_MODULES = YES;
				CODE_SIGN_STYLE = Automatic;
				DEVELOPMENT_TEAM = HCF6CL33AL;
				INFOPLIST_FILE = ePOS/Info.plist;
				LD_RUNPATH_SEARCH_PATHS = (
					"$(inherited)",
					"@executable_path/Frameworks",
				);
				PRODUCT_BUNDLE_IDENTIFIER = com.pinelabs.epos;
				PRODUCT_NAME = "$(TARGET_NAME)";
				SERVER_URL = "";
				SWIFT_OBJC_BRIDGING_HEADER = "ePOS/BridgingHeader/ePOS-Bridging-Header.h";
				SWIFT_VERSION = 5.0;
				TARGETED_DEVICE_FAMILY = "1,2";
			};
			name = Release;
		};
/* End XCBuildConfiguration section */

/* Begin XCConfigurationList section */
		9976C9002500F05600FC5DD3 /* Build configuration list for PBXProject "ePOS" */ = {
			isa = XCConfigurationList;
			buildConfigurations = (
				9976C9172500F05800FC5DD3 /* Debug */,
				991ADE7F2505DB9E00932251 /* UAT */,
				9976C9182500F05800FC5DD3 /* Release */,
			);
			defaultConfigurationIsVisible = 0;
			defaultConfigurationName = Release;
		};
		9976C9192500F05800FC5DD3 /* Build configuration list for PBXNativeTarget "ePOS" */ = {
			isa = XCConfigurationList;
			buildConfigurations = (
				9976C91A2500F05800FC5DD3 /* Debug */,
				991ADE802505DB9E00932251 /* UAT */,
				9976C91B2500F05800FC5DD3 /* Release */,
			);
			defaultConfigurationIsVisible = 0;
			defaultConfigurationName = Release;
		};
/* End XCConfigurationList section */
	};
	rootObject = 9976C8FD2500F05600FC5DD3 /* Project object */;
}
